
Microsoft Visual Studio Solution File, Format Version 12.00
# Visual Studio Version 17
VisualStudioVersion = 17.9.34622.214
MinimumVisualStudioVersion = 10.0.40219.1
Project("{FAE04EC0-301F-11D3-BF4B-00C04F79EFBC}") = "UserRegistrationService", "Projekt1\UserRegistrationService.csproj", "{8EBFB739-B41C-4672-8AC1-EB71EB9D0378}"
EndProject
Project("{FAE04EC0-301F-11D3-BF4B-00C04F79EFBC}") = "UserRegistrationTests", "UserRegistrationServiceTests\UserRegistrationTests.csproj", "{009C3C5B-E314-44B0-8142-0868BB63E12F}"
EndProject
Global
	GlobalSection(SolutionConfigurationPlatforms) = preSolution
		Debug|Any CPU = Debug|Any CPU
		Release|Any CPU = Release|Any CPU
	EndGlobalSection
	GlobalSection(ProjectConfigurationPlatforms) = postSolution
		{8EBFB739-B41C-4672-8AC1-EB71EB9D0378}.Debug|Any CPU.ActiveCfg = Debug|Any CPU
		{8EBFB739-B41C-4672-8AC1-EB71EB9D0378}.Debug|Any CPU.Build.0 = Debug|Any CPU
		{8EBFB739-B41C-4672-8AC1-EB71EB9D0378}.Release|Any CPU.ActiveCfg = Release|Any CPU
		{8EBFB739-B41C-4672-8AC1-EB71EB9D0378}.Release|Any CPU.Build.0 = Release|Any CPU
		{009C3C5B-E314-44B0-8142-0868BB63E12F}.Debug|Any CPU.ActiveCfg = Debug|Any CPU
		{009C3C5B-E314-44B0-8142-0868BB63E12F}.Debug|Any CPU.Build.0 = Debug|Any CPU
		{009C3C5B-E314-44B0-8142-0868BB63E12F}.Release|Any CPU.ActiveCfg = Release|Any CPU
		{009C3C5B-E314-44B0-8142-0868BB63E12F}.Release|Any CPU.Build.0 = Release|Any CPU
	EndGlobalSection
	GlobalSection(SolutionProperties) = preSolution
		HideSolutionNode = FALSE
	EndGlobalSection
	GlobalSection(ExtensibilityGlobals) = postSolution
		SolutionGuid = {8D694F69-5ACB-4AF7-9519-2C534964BBC7}
	EndGlobalSection
EndGlobal
